
Microsoft Visual Studio Solution File, Format Version 11.00
# Visual Studio 2010
Project("{FAE04EC0-301F-11D3-BF4B-00C04F79EFBC}") = "csci559-assignment04-one-last-dance-vishrantgupta-master", "Assembly-CSharp.csproj", "{14C6EDA3-A131-F101-4BFE-C8609C50B6F4}"
EndProject
Project("{FAE04EC0-301F-11D3-BF4B-00C04F79EFBC}") = "csci559-assignment04-one-last-dance-vishrantgupta-master", "Assembly-CSharp-Editor.csproj", "{B3A680F2-AA04-E8E6-3E4F-48B144432930}"
EndProject
Global
	GlobalSection(SolutionConfigurationPlatforms) = preSolution
		Debug|Any CPU = Debug|Any CPU
		Release|Any CPU = Release|Any CPU
	EndGlobalSection
	GlobalSection(ProjectConfigurationPlatforms) = postSolution
		{14C6EDA3-A131-F101-4BFE-C8609C50B6F4}.Debug|Any CPU.ActiveCfg = Debug|Any CPU
		{14C6EDA3-A131-F101-4BFE-C8609C50B6F4}.Debug|Any CPU.Build.0 = Debug|Any CPU
		{14C6EDA3-A131-F101-4BFE-C8609C50B6F4}.Release|Any CPU.ActiveCfg = Release|Any CPU
		{14C6EDA3-A131-F101-4BFE-C8609C50B6F4}.Release|Any CPU.Build.0 = Release|Any CPU
		{B3A680F2-AA04-E8E6-3E4F-48B144432930}.Debug|Any CPU.ActiveCfg = Debug|Any CPU
		{B3A680F2-AA04-E8E6-3E4F-48B144432930}.Debug|Any CPU.Build.0 = Debug|Any CPU
		{B3A680F2-AA04-E8E6-3E4F-48B144432930}.Release|Any CPU.ActiveCfg = Release|Any CPU
		{B3A680F2-AA04-E8E6-3E4F-48B144432930}.Release|Any CPU.Build.0 = Release|Any CPU
	EndGlobalSection
	GlobalSection(SolutionProperties) = preSolution
		HideSolutionNode = FALSE
	EndGlobalSection
	GlobalSection(MonoDevelopProperties) = preSolution
		StartupItem = Assembly-CSharp.csproj
	EndGlobalSection
EndGlobal
